{
  "pins" : [
    {
      "identity" : "radiopluginkit",
      "kind" : "remoteSourceControl",
      "location" : "https://github.com/VU3ESV/RadioPluginKit.git",
      "state" : {
        "revision" : "71fdd30be842fc6b27c1dcb29c28dd7b39234dfe",
        "version" : "1.2.0"
      }
    }
  ],
  "version" : 2
}
